
Microsoft Visual Studio Solution File, Format Version 12.00
# Visual Studio 14
VisualStudioVersion = 14.0.23107.0
MinimumVisualStudioVersion = 10.0.40219.1
Project("{2150E333-8FDC-42A3-9474-1A3956D46DE8}") = "src", "src", "{0C39CB70-AA5A-49B1-992C-1B6FF359DAE1}"
EndProject
Project("{2150E333-8FDC-42A3-9474-1A3956D46DE8}") = "Solution Items", "Solution Items", "{A78C6F3C-4A5A-4FFD-99DB-E977558061E2}"
	ProjectSection(SolutionItems) = preProject
		global.json = global.json
	EndProjectSection
EndProject
Project("{8BB2217D-0F2D-49D1-97BC-3654ED321F3B}") = "OliApiClient", "src\OliApiClient\OliApiClient.xproj", "{0635208E-5448-4FD4-86BB-3F8A0B17F14E}"
EndProject
Global
	GlobalSection(SolutionConfigurationPlatforms) = preSolution
		Debug|Any CPU = Debug|Any CPU
		Release|Any CPU = Release|Any CPU
	EndGlobalSection
	GlobalSection(ProjectConfigurationPlatforms) = postSolution
		{0635208E-5448-4FD4-86BB-3F8A0B17F14E}.Debug|Any CPU.ActiveCfg = Debug|Any CPU
		{0635208E-5448-4FD4-86BB-3F8A0B17F14E}.Debug|Any CPU.Build.0 = Debug|Any CPU
		{0635208E-5448-4FD4-86BB-3F8A0B17F14E}.Release|Any CPU.ActiveCfg = Release|Any CPU
		{0635208E-5448-4FD4-86BB-3F8A0B17F14E}.Release|Any CPU.Build.0 = Release|Any CPU
	EndGlobalSection
	GlobalSection(SolutionProperties) = preSolution
		HideSolutionNode = FALSE
	EndGlobalSection
	GlobalSection(NestedProjects) = preSolution
		{0635208E-5448-4FD4-86BB-3F8A0B17F14E} = {0C39CB70-AA5A-49B1-992C-1B6FF359DAE1}
	EndGlobalSection
EndGlobal
